// !$*UTF8*$!
{
	archiveVersion = 1;
	classes = {
	};
	objectVersion = 56;
	objects = {

/* Begin PBXBuildFile section */
		DDEC2D2B2D5BBDA1003719A0 /* Dice_Crash_GameApp.swift in Sources */ = {isa = PBXBuildFile; fileRef = DDEC2D2A2D5BBDA1003719A0 /* Dice_Crash_GameApp.swift */; };
		DDEC2D2F2D5BBDA2003719A0 /* Assets.xcassets in Resources */ = {isa = PBXBuildFile; fileRef = DDEC2D2E2D5BBDA2003719A0 /* Assets.xcassets */; };
		DDEC2D332D5BBDA2003719A0 /* Preview Assets.xcassets in Resources */ = {isa = PBXBuildFile; fileRef = DDEC2D322D5BBDA2003719A0 /* Preview Assets.xcassets */; };
		DDEC2D412D5BBEAC003719A0 /* Coordinator.swift in Sources */ = {isa = PBXBuildFile; fileRef = DDEC2D402D5BBEAC003719A0 /* Coordinator.swift */; };
		DDEC2D432D5BBEBF003719A0 /* Loading.swift in Sources */ = {isa = PBXBuildFile; fileRef = DDEC2D422D5BBEBF003719A0 /* Loading.swift */; };
		DDEC2D452D5BBECB003719A0 /* Menu.swift in Sources */ = {isa = PBXBuildFile; fileRef = DDEC2D442D5BBECB003719A0 /* Menu.swift */; };
		DDEC2D472D5BBED5003719A0 /* Game.swift in Sources */ = {isa = PBXBuildFile; fileRef = DDEC2D462D5BBED5003719A0 /* Game.swift */; };
		DDEC2D492D5BBF6C003719A0 /* Background.swift in Sources */ = {isa = PBXBuildFile; fileRef = DDEC2D482D5BBF6C003719A0 /* Background.swift */; };
		DDEC2D4B2D5BC0DF003719A0 /* Controller.swift in Sources */ = {isa = PBXBuildFile; fileRef = DDEC2D4A2D5BC0DF003719A0 /* Controller.swift */; };
		DDEC2D4D2D5BC8EF003719A0 /* drukwidecyr-bold.otf in Resources */ = {isa = PBXBuildFile; fileRef = DDEC2D4C2D5BC8EF003719A0 /* drukwidecyr-bold.otf */; };
		DDEC2D502D5CF07B003719A0 /* SizeExtention.swift in Sources */ = {isa = PBXBuildFile; fileRef = DDEC2D4F2D5CF07B003719A0 /* SizeExtention.swift */; };
		DDEC2D522D5CF79D003719A0 /* Options.swift in Sources */ = {isa = PBXBuildFile; fileRef = DDEC2D512D5CF79D003719A0 /* Options.swift */; };
		DDEC2D542D5CF7A6003719A0 /* Info.swift in Sources */ = {isa = PBXBuildFile; fileRef = DDEC2D532D5CF7A6003719A0 /* Info.swift */; };
		DDEC2D562D5CF926003719A0 /* Model.swift in Sources */ = {isa = PBXBuildFile; fileRef = DDEC2D552D5CF926003719A0 /* Model.swift */; };
		DDEC2D582D625932003719A0 /* SoundManager.swift in Sources */ = {isa = PBXBuildFile; fileRef = DDEC2D572D625932003719A0 /* SoundManager.swift */; };
/* End PBXBuildFile section */

/* Begin PBXFileReference section */
		DDEC2D272D5BBDA1003719A0 /* Dice Crash Game.app */ = {isa = PBXFileReference; explicitFileType = wrapper.application; includeInIndex = 0; path = "Dice Crash Game.app"; sourceTree = BUILT_PRODUCTS_DIR; };
		DDEC2D2A2D5BBDA1003719A0 /* Dice_Crash_GameApp.swift */ = {isa = PBXFileReference; lastKnownFileType = sourcecode.swift; path = Dice_Crash_GameApp.swift; sourceTree = "<group>"; };
		DDEC2D2E2D5BBDA2003719A0 /* Assets.xcassets */ = {isa = PBXFileReference; lastKnownFileType = folder.assetcatalog; path = Assets.xcassets; sourceTree = "<group>"; };
		DDEC2D302D5BBDA2003719A0 /* Dice_Crash_Game.entitlements */ = {isa = PBXFileReference; lastKnownFileType = text.plist.entitlements; path = Dice_Crash_Game.entitlements; sourceTree = "<group>"; };
		DDEC2D322D5BBDA2003719A0 /* Preview Assets.xcassets */ = {isa = PBXFileReference; lastKnownFileType = folder.assetcatalog; path = "Preview Assets.xcassets"; sourceTree = "<group>"; };
		DDEC2D402D5BBEAC003719A0 /* Coordinator.swift */ = {isa = PBXFileReference; lastKnownFileType = sourcecode.swift; path = Coordinator.swift; sourceTree = "<group>"; };
		DDEC2D422D5BBEBF003719A0 /* Loading.swift */ = {isa = PBXFileReference; lastKnownFileType = sourcecode.swift; path = Loading.swift; sourceTree = "<group>"; };
		DDEC2D442D5BBECB003719A0 /* Menu.swift */ = {isa = PBXFileReference; lastKnownFileType = sourcecode.swift; path = Menu.swift; sourceTree = "<group>"; };
		DDEC2D462D5BBED5003719A0 /* Game.swift */ = {isa = PBXFileReference; lastKnownFileType = sourcecode.swift; path = Game.swift; sourceTree = "<group>"; };
		DDEC2D482D5BBF6C003719A0 /* Background.swift */ = {isa = PBXFileReference; lastKnownFileType = sourcecode.swift; path = Background.swift; sourceTree = "<group>"; };
		DDEC2D4A2D5BC0DF003719A0 /* Controller.swift */ = {isa = PBXFileReference; lastKnownFileType = sourcecode.swift; path = Controller.swift; sourceTree = "<group>"; };
		DDEC2D4C2D5BC8EF003719A0 /* drukwidecyr-bold.otf */ = {isa = PBXFileReference; lastKnownFileType = file; path = "drukwidecyr-bold.otf"; sourceTree = "<group>"; };
		DDEC2D4E2D5BC917003719A0 /* Dice-Crash-Game-Info.plist */ = {isa = PBXFileReference; lastKnownFileType = text.plist; path = "Dice-Crash-Game-Info.plist"; sourceTree = SOURCE_ROOT; };
		DDEC2D4F2D5CF07B003719A0 /* SizeExtention.swift */ = {isa = PBXFileReference; lastKnownFileType = sourcecode.swift; path = SizeExtention.swift; sourceTree = "<group>"; };
		DDEC2D512D5CF79D003719A0 /* Options.swift */ = {isa = PBXFileReference; lastKnownFileType = sourcecode.swift; path = Options.swift; sourceTree = "<group>"; };
		DDEC2D532D5CF7A6003719A0 /* Info.swift */ = {isa = PBXFileReference; lastKnownFileType = sourcecode.swift; path = Info.swift; sourceTree = "<group>"; };
		DDEC2D552D5CF926003719A0 /* Model.swift */ = {isa = PBXFileReference; lastKnownFileType = sourcecode.swift; path = Model.swift; sourceTree = "<group>"; };
		DDEC2D572D625932003719A0 /* SoundManager.swift */ = {isa = PBXFileReference; lastKnownFileType = sourcecode.swift; path = SoundManager.swift; sourceTree = "<group>"; };
/* End PBXFileReference section */

/* Begin PBXFrameworksBuildPhase section */
		DDEC2D242D5BBDA1003719A0 /* Frameworks */ = {
			isa = PBXFrameworksBuildPhase;
			buildActionMask = 2147483647;
			files = (
			);
			runOnlyForDeploymentPostprocessing = 0;
		};
/* End PBXFrameworksBuildPhase section */

/* Begin PBXGroup section */
		DDEC2D1E2D5BBDA1003719A0 = {
			isa = PBXGroup;
			children = (
				DDEC2D292D5BBDA1003719A0 /* Dice Crash Game */,
				DDEC2D282D5BBDA1003719A0 /* Products */,
			);
			sourceTree = "<group>";
		};
		DDEC2D282D5BBDA1003719A0 /* Products */ = {
			isa = PBXGroup;
			children = (
				DDEC2D272D5BBDA1003719A0 /* Dice Crash Game.app */,
			);
			name = Products;
			sourceTree = "<group>";
		};
		DDEC2D292D5BBDA1003719A0 /* Dice Crash Game */ = {
			isa = PBXGroup;
			children = (
				DDEC2D4E2D5BC917003719A0 /* Dice-Crash-Game-Info.plist */,
				DDEC2D2A2D5BBDA1003719A0 /* Dice_Crash_GameApp.swift */,
				DDEC2D392D5BBDB0003719A0 /* Views */,
				DDEC2D3A2D5BBDC0003719A0 /* SubViews */,
				DDEC2D3B2D5BBDD1003719A0 /* Models */,
				DDEC2D3C2D5BBE2D003719A0 /* Fonts */,
				DDEC2D3D2D5BBE33003719A0 /* Extentions */,
				DDEC2D3E2D5BBE4A003719A0 /* Coordinator */,
				DDEC2D3F2D5BBE90003719A0 /* Sounds */,
				DDEC2D2E2D5BBDA2003719A0 /* Assets.xcassets */,
				DDEC2D302D5BBDA2003719A0 /* Dice_Crash_Game.entitlements */,
				DDEC2D312D5BBDA2003719A0 /* Preview Content */,
			);
			path = "Dice Crash Game";
			sourceTree = "<group>";
		};
		DDEC2D312D5BBDA2003719A0 /* Preview Content */ = {
			isa = PBXGroup;
			children = (
				DDEC2D322D5BBDA2003719A0 /* Preview Assets.xcassets */,
			);
			path = "Preview Content";
			sourceTree = "<group>";
		};
		DDEC2D392D5BBDB0003719A0 /* Views */ = {
			isa = PBXGroup;
			children = (
				DDEC2D422D5BBEBF003719A0 /* Loading.swift */,
				DDEC2D442D5BBECB003719A0 /* Menu.swift */,
				DDEC2D462D5BBED5003719A0 /* Game.swift */,
			);
			path = Views;
			sourceTree = "<group>";
		};
		DDEC2D3A2D5BBDC0003719A0 /* SubViews */ = {
			isa = PBXGroup;
			children = (
				DDEC2D482D5BBF6C003719A0 /* Background.swift */,
				DDEC2D4A2D5BC0DF003719A0 /* Controller.swift */,
				DDEC2D512D5CF79D003719A0 /* Options.swift */,
				DDEC2D532D5CF7A6003719A0 /* Info.swift */,
			);
			path = SubViews;
			sourceTree = "<group>";
		};
		DDEC2D3B2D5BBDD1003719A0 /* Models */ = {
			isa = PBXGroup;
			children = (
				DDEC2D552D5CF926003719A0 /* Model.swift */,
			);
			path = Models;
			sourceTree = "<group>";
		};
		DDEC2D3C2D5BBE2D003719A0 /* Fonts */ = {
			isa = PBXGroup;
			children = (
				DDEC2D4C2D5BC8EF003719A0 /* drukwidecyr-bold.otf */,
			);
			path = Fonts;
			sourceTree = "<group>";
		};
		DDEC2D3D2D5BBE33003719A0 /* Extentions */ = {
			isa = PBXGroup;
			children = (
				DDEC2D4F2D5CF07B003719A0 /* SizeExtention.swift */,
			);
			path = Extentions;
			sourceTree = "<group>";
		};
		DDEC2D3E2D5BBE4A003719A0 /* Coordinator */ = {
			isa = PBXGroup;
			children = (
				DDEC2D402D5BBEAC003719A0 /* Coordinator.swift */,
			);
			path = Coordinator;
			sourceTree = "<group>";
		};
		DDEC2D3F2D5BBE90003719A0 /* Sounds */ = {
			isa = PBXGroup;
			children = (
				DDEC2D572D625932003719A0 /* SoundManager.swift */,
			);
			path = Sounds;
			sourceTree = "<group>";
		};
/* End PBXGroup section */

/* Begin PBXNativeTarget section */
		DDEC2D262D5BBDA1003719A0 /* Dice Crash Game */ = {
			isa = PBXNativeTarget;
			buildConfigurationList = DDEC2D362D5BBDA2003719A0 /* Build configuration list for PBXNativeTarget "Dice Crash Game" */;
			buildPhases = (
				DDEC2D232D5BBDA1003719A0 /* Sources */,
				DDEC2D242D5BBDA1003719A0 /* Frameworks */,
				DDEC2D252D5BBDA1003719A0 /* Resources */,
			);
			buildRules = (
			);
			dependencies = (
			);
			name = "Dice Crash Game";
			productName = "Dice Crash Game";
			productReference = DDEC2D272D5BBDA1003719A0 /* Dice Crash Game.app */;
			productType = "com.apple.product-type.application";
		};
/* End PBXNativeTarget section */

/* Begin PBXProject section */
		DDEC2D1F2D5BBDA1003719A0 /* Project object */ = {
			isa = PBXProject;
			attributes = {
				BuildIndependentTargetsInParallel = 1;
				LastSwiftUpdateCheck = 1540;
				LastUpgradeCheck = 1540;
				TargetAttributes = {
					DDEC2D262D5BBDA1003719A0 = {
						CreatedOnToolsVersion = 15.4;
					};
				};
			};
			buildConfigurationList = DDEC2D222D5BBDA1003719A0 /* Build configuration list for PBXProject "Dice Crash Game" */;
			compatibilityVersion = "Xcode 14.0";
			developmentRegion = en;
			hasScannedForEncodings = 0;
			knownRegions = (
				en,
				Base,
			);
			mainGroup = DDEC2D1E2D5BBDA1003719A0;
			productRefGroup = DDEC2D282D5BBDA1003719A0 /* Products */;
			projectDirPath = "";
			projectRoot = "";
			targets = (
				DDEC2D262D5BBDA1003719A0 /* Dice Crash Game */,
			);
		};
/* End PBXProject section */

/* Begin PBXResourcesBuildPhase section */
		DDEC2D252D5BBDA1003719A0 /* Resources */ = {
			isa = PBXResourcesBuildPhase;
			buildActionMask = 2147483647;
			files = (
				DDEC2D332D5BBDA2003719A0 /* Preview Assets.xcassets in Resources */,
				DDEC2D4D2D5BC8EF003719A0 /* drukwidecyr-bold.otf in Resources */,
				DDEC2D2F2D5BBDA2003719A0 /* Assets.xcassets in Resources */,
			);
			runOnlyForDeploymentPostprocessing = 0;
		};
/* End PBXResourcesBuildPhase section */

/* Begin PBXSourcesBuildPhase section */
		DDEC2D232D5BBDA1003719A0 /* Sources */ = {
			isa = PBXSourcesBuildPhase;
			buildActionMask = 2147483647;
			files = (
				DDEC2D472D5BBED5003719A0 /* Game.swift in Sources */,
				DDEC2D2B2D5BBDA1003719A0 /* Dice_Crash_GameApp.swift in Sources */,
				DDEC2D432D5BBEBF003719A0 /* Loading.swift in Sources */,
				DDEC2D542D5CF7A6003719A0 /* Info.swift in Sources */,
				DDEC2D412D5BBEAC003719A0 /* Coordinator.swift in Sources */,
				DDEC2D582D625932003719A0 /* SoundManager.swift in Sources */,
				DDEC2D522D5CF79D003719A0 /* Options.swift in Sources */,
				DDEC2D452D5BBECB003719A0 /* Menu.swift in Sources */,
				DDEC2D492D5BBF6C003719A0 /* Background.swift in Sources */,
				DDEC2D562D5CF926003719A0 /* Model.swift in Sources */,
				DDEC2D4B2D5BC0DF003719A0 /* Controller.swift in Sources */,
				DDEC2D502D5CF07B003719A0 /* SizeExtention.swift in Sources */,
			);
			runOnlyForDeploymentPostprocessing = 0;
		};
/* End PBXSourcesBuildPhase section */

/* Begin XCBuildConfiguration section */
		DDEC2D342D5BBDA2003719A0 /* Debug */ = {
			isa = XCBuildConfiguration;
			buildSettings = {
				ALWAYS_SEARCH_USER_PATHS = NO;
				ASSETCATALOG_COMPILER_GENERATE_SWIFT_ASSET_SYMBOL_EXTENSIONS = YES;
				CLANG_ANALYZER_NONNULL = YES;
				CLANG_ANALYZER_NUMBER_OBJECT_CONVERSION = YES_AGGRESSIVE;
				CLANG_CXX_LANGUAGE_STANDARD = "gnu++20";
				CLANG_ENABLE_MODULES = YES;
				CLANG_ENABLE_OBJC_ARC = YES;
				CLANG_ENABLE_OBJC_WEAK = YES;
				CLANG_WARN_BLOCK_CAPTURE_AUTORELEASING = YES;
				CLANG_WARN_BOOL_CONVERSION = YES;
				CLANG_WARN_COMMA = YES;
				CLANG_WARN_CONSTANT_CONVERSION = YES;
				CLANG_WARN_DEPRECATED_OBJC_IMPLEMENTATIONS = YES;
				CLANG_WARN_DIRECT_OBJC_ISA_USAGE = YES_ERROR;
				CLANG_WARN_DOCUMENTATION_COMMENTS = YES;
				CLANG_WARN_EMPTY_BODY = YES;
				CLANG_WARN_ENUM_CONVERSION = YES;
				CLANG_WARN_INFINITE_RECURSION = YES;
				CLANG_WARN_INT_CONVERSION = YES;
				CLANG_WARN_NON_LITERAL_NULL_CONVERSION = YES;
				CLANG_WARN_OBJC_IMPLICIT_RETAIN_SELF = YES;
				CLANG_WARN_OBJC_LITERAL_CONVERSION = YES;
				CLANG_WARN_OBJC_ROOT_CLASS = YES_ERROR;
				CLANG_WARN_QUOTED_INCLUDE_IN_FRAMEWORK_HEADER = YES;
				CLANG_WARN_RANGE_LOOP_ANALYSIS = YES;
				CLANG_WARN_STRICT_PROTOTYPES = YES;
				CLANG_WARN_SUSPICIOUS_MOVE = YES;
				CLANG_WARN_UNGUARDED_AVAILABILITY = YES_AGGRESSIVE;
				CLANG_WARN_UNREACHABLE_CODE = YES;
				CLANG_WARN__DUPLICATE_METHOD_MATCH = YES;
				COPY_PHASE_STRIP = NO;
				DEBUG_INFORMATION_FORMAT = dwarf;
				ENABLE_STRICT_OBJC_MSGSEND = YES;
				ENABLE_TESTABILITY = YES;
				ENABLE_USER_SCRIPT_SANDBOXING = YES;
				GCC_C_LANGUAGE_STANDARD = gnu17;
				GCC_DYNAMIC_NO_PIC = NO;
				GCC_NO_COMMON_BLOCKS = YES;
				GCC_OPTIMIZATION_LEVEL = 0;
				GCC_PREPROCESSOR_DEFINITIONS = (
					"DEBUG=1",
					"$(inherited)",
				);
				GCC_WARN_64_TO_32_BIT_CONVERSION = YES;
				GCC_WARN_ABOUT_RETURN_TYPE = YES_ERROR;
				GCC_WARN_UNDECLARED_SELECTOR = YES;
				GCC_WARN_UNINITIALIZED_AUTOS = YES_AGGRESSIVE;
				GCC_WARN_UNUSED_FUNCTION = YES;
				GCC_WARN_UNUSED_VARIABLE = YES;
				LOCALIZATION_PREFERS_STRING_CATALOGS = YES;
				MTL_ENABLE_DEBUG_INFO = INCLUDE_SOURCE;
				MTL_FAST_MATH = YES;
				ONLY_ACTIVE_ARCH = YES;
				SWIFT_ACTIVE_COMPILATION_CONDITIONS = "DEBUG $(inherited)";
				SWIFT_OPTIMIZATION_LEVEL = "-Onone";
			};
			name = Debug;
		};
		DDEC2D352D5BBDA2003719A0 /* Release */ = {
			isa = XCBuildConfiguration;
			buildSettings = {
				ALWAYS_SEARCH_USER_PATHS = NO;
				ASSETCATALOG_COMPILER_GENERATE_SWIFT_ASSET_SYMBOL_EXTENSIONS = YES;
				CLANG_ANALYZER_NONNULL = YES;
				CLANG_ANALYZER_NUMBER_OBJECT_CONVERSION = YES_AGGRESSIVE;
				CLANG_CXX_LANGUAGE_STANDARD = "gnu++20";
				CLANG_ENABLE_MODULES = YES;
				CLANG_ENABLE_OBJC_ARC = YES;
				CLANG_ENABLE_OBJC_WEAK = YES;
				CLANG_WARN_BLOCK_CAPTURE_AUTORELEASING = YES;
				CLANG_WARN_BOOL_CONVERSION = YES;
				CLANG_WARN_COMMA = YES;
				CLANG_WARN_CONSTANT_CONVERSION = YES;
				CLANG_WARN_DEPRECATED_OBJC_IMPLEMENTATIONS = YES;
				CLANG_WARN_DIRECT_OBJC_ISA_USAGE = YES_ERROR;
				CLANG_WARN_DOCUMENTATION_COMMENTS = YES;
				CLANG_WARN_EMPTY_BODY = YES;
				CLANG_WARN_ENUM_CONVERSION = YES;
				CLANG_WARN_INFINITE_RECURSION = YES;
				CLANG_WARN_INT_CONVERSION = YES;
				CLANG_WARN_NON_LITERAL_NULL_CONVERSION = YES;
				CLANG_WARN_OBJC_IMPLICIT_RETAIN_SELF = YES;
				CLANG_WARN_OBJC_LITERAL_CONVERSION = YES;
				CLANG_WARN_OBJC_ROOT_CLASS = YES_ERROR;
				CLANG_WARN_QUOTED_INCLUDE_IN_FRAMEWORK_HEADER = YES;
				CLANG_WARN_RANGE_LOOP_ANALYSIS = YES;
				CLANG_WARN_STRICT_PROTOTYPES = YES;
				CLANG_WARN_SUSPICIOUS_MOVE = YES;
				CLANG_WARN_UNGUARDED_AVAILABILITY = YES_AGGRESSIVE;
				CLANG_WARN_UNREACHABLE_CODE = YES;
				CLANG_WARN__DUPLICATE_METHOD_MATCH = YES;
				COPY_PHASE_STRIP = NO;
				DEBUG_INFORMATION_FORMAT = "dwarf-with-dsym";
				ENABLE_NS_ASSERTIONS = NO;
				ENABLE_STRICT_OBJC_MSGSEND = YES;
				ENABLE_USER_SCRIPT_SANDBOXING = YES;
				GCC_C_LANGUAGE_STANDARD = gnu17;
				GCC_NO_COMMON_BLOCKS = YES;
				GCC_WARN_64_TO_32_BIT_CONVERSION = YES;
				GCC_WARN_ABOUT_RETURN_TYPE = YES_ERROR;
				GCC_WARN_UNDECLARED_SELECTOR = YES;
				GCC_WARN_UNINITIALIZED_AUTOS = YES_AGGRESSIVE;
				GCC_WARN_UNUSED_FUNCTION = YES;
				GCC_WARN_UNUSED_VARIABLE = YES;
				LOCALIZATION_PREFERS_STRING_CATALOGS = YES;
				MTL_ENABLE_DEBUG_INFO = NO;
				MTL_FAST_MATH = YES;
				SWIFT_COMPILATION_MODE = wholemodule;
			};
			name = Release;
		};
		DDEC2D372D5BBDA2003719A0 /* Debug */ = {
			isa = XCBuildConfiguration;
			buildSettings = {
				ASSETCATALOG_COMPILER_APPICON_NAME = AppIcon;
				ASSETCATALOG_COMPILER_GLOBAL_ACCENT_COLOR_NAME = AccentColor;
				CODE_SIGN_ENTITLEMENTS = "Dice Crash Game/Dice_Crash_Game.entitlements";
				CODE_SIGN_STYLE = Automatic;
				CURRENT_PROJECT_VERSION = 1;
				DEVELOPMENT_ASSET_PATHS = "\"Dice Crash Game/Preview Content\"";
				DEVELOPMENT_TEAM = TJC4VDAK2F;
				ENABLE_HARDENED_RUNTIME = YES;
				ENABLE_PREVIEWS = YES;
				GENERATE_INFOPLIST_FILE = YES;
				INFOPLIST_FILE = "Dice-Crash-Game-Info.plist";
				"INFOPLIST_KEY_UIApplicationSceneManifest_Generation[sdk=iphoneos*]" = YES;
				"INFOPLIST_KEY_UIApplicationSceneManifest_Generation[sdk=iphonesimulator*]" = YES;
				"INFOPLIST_KEY_UIApplicationSupportsIndirectInputEvents[sdk=iphoneos*]" = YES;
				"INFOPLIST_KEY_UIApplicationSupportsIndirectInputEvents[sdk=iphonesimulator*]" = YES;
				"INFOPLIST_KEY_UILaunchScreen_Generation[sdk=iphoneos*]" = YES;
				"INFOPLIST_KEY_UILaunchScreen_Generation[sdk=iphonesimulator*]" = YES;
				"INFOPLIST_KEY_UIStatusBarStyle[sdk=iphoneos*]" = UIStatusBarStyleDefault;
				"INFOPLIST_KEY_UIStatusBarStyle[sdk=iphonesimulator*]" = UIStatusBarStyleDefault;
				INFOPLIST_KEY_UISupportedInterfaceOrientations_iPad = "UIInterfaceOrientationPortrait UIInterfaceOrientationPortraitUpsideDown UIInterfaceOrientationLandscapeLeft UIInterfaceOrientationLandscapeRight";
				INFOPLIST_KEY_UISupportedInterfaceOrientations_iPhone = "UIInterfaceOrientationPortrait UIInterfaceOrientationLandscapeLeft UIInterfaceOrientationLandscapeRight";
				IPHONEOS_DEPLOYMENT_TARGET = 14.5;
				LD_RUNPATH_SEARCH_PATHS = "@executable_path/Frameworks";
				"LD_RUNPATH_SEARCH_PATHS[sdk=macosx*]" = "@executable_path/../Frameworks";
				MACOSX_DEPLOYMENT_TARGET = 14.5;
				MARKETING_VERSION = 1.0;
				PRODUCT_BUNDLE_IDENTIFIER = "f1.Dice-Crash-Game";
				PRODUCT_NAME = "$(TARGET_NAME)";
				SDKROOT = auto;
				SUPPORTED_PLATFORMS = "iphoneos iphonesimulator";
				SUPPORTS_MACCATALYST = NO;
				SWIFT_EMIT_LOC_STRINGS = YES;
				SWIFT_VERSION = 5.0;
				TARGETED_DEVICE_FAMILY = "1,2";
			};
			name = Debug;
		};
		DDEC2D382D5BBDA2003719A0 /* Release */ = {
			isa = XCBuildConfiguration;
			buildSettings = {
				ASSETCATALOG_COMPILER_APPICON_NAME = AppIcon;
				ASSETCATALOG_COMPILER_GLOBAL_ACCENT_COLOR_NAME = AccentColor;
				CODE_SIGN_ENTITLEMENTS = "Dice Crash Game/Dice_Crash_Game.entitlements";
				CODE_SIGN_STYLE = Automatic;
				CURRENT_PROJECT_VERSION = 1;
				DEVELOPMENT_ASSET_PATHS = "\"Dice Crash Game/Preview Content\"";
				DEVELOPMENT_TEAM = TJC4VDAK2F;
				ENABLE_HARDENED_RUNTIME = YES;
				ENABLE_PREVIEWS = YES;
				GENERATE_INFOPLIST_FILE = YES;
				INFOPLIST_FILE = "Dice-Crash-Game-Info.plist";
				"INFOPLIST_KEY_UIApplicationSceneManifest_Generation[sdk=iphoneos*]" = YES;
				"INFOPLIST_KEY_UIApplicationSceneManifest_Generation[sdk=iphonesimulator*]" = YES;
				"INFOPLIST_KEY_UIApplicationSupportsIndirectInputEvents[sdk=iphoneos*]" = YES;
				"INFOPLIST_KEY_UIApplicationSupportsIndirectInputEvents[sdk=iphonesimulator*]" = YES;
				"INFOPLIST_KEY_UILaunchScreen_Generation[sdk=iphoneos*]" = YES;
				"INFOPLIST_KEY_UILaunchScreen_Generation[sdk=iphonesimulator*]" = YES;
				"INFOPLIST_KEY_UIStatusBarStyle[sdk=iphoneos*]" = UIStatusBarStyleDefault;
				"INFOPLIST_KEY_UIStatusBarStyle[sdk=iphonesimulator*]" = UIStatusBarStyleDefault;
				INFOPLIST_KEY_UISupportedInterfaceOrientations_iPad = "UIInterfaceOrientationPortrait UIInterfaceOrientationPortraitUpsideDown UIInterfaceOrientationLandscapeLeft UIInterfaceOrientationLandscapeRight";
				INFOPLIST_KEY_UISupportedInterfaceOrientations_iPhone = "UIInterfaceOrientationPortrait UIInterfaceOrientationLandscapeLeft UIInterfaceOrientationLandscapeRight";
				IPHONEOS_DEPLOYMENT_TARGET = 14.5;
				LD_RUNPATH_SEARCH_PATHS = "@executable_path/Frameworks";
				"LD_RUNPATH_SEARCH_PATHS[sdk=macosx*]" = "@executable_path/../Frameworks";
				MACOSX_DEPLOYMENT_TARGET = 14.5;
				MARKETING_VERSION = 1.0;
				PRODUCT_BUNDLE_IDENTIFIER = "f1.Dice-Crash-Game";
				PRODUCT_NAME = "$(TARGET_NAME)";
				SDKROOT = auto;
				SUPPORTED_PLATFORMS = "iphoneos iphonesimulator";
				SUPPORTS_MACCATALYST = NO;
				SWIFT_EMIT_LOC_STRINGS = YES;
				SWIFT_VERSION = 5.0;
				TARGETED_DEVICE_FAMILY = "1,2";
			};
			name = Release;
		};
/* End XCBuildConfiguration section */

/* Begin XCConfigurationList section */
		DDEC2D222D5BBDA1003719A0 /* Build configuration list for PBXProject "Dice Crash Game" */ = {
			isa = XCConfigurationList;
			buildConfigurations = (
				DDEC2D342D5BBDA2003719A0 /* Debug */,
				DDEC2D352D5BBDA2003719A0 /* Release */,
			);
			defaultConfigurationIsVisible = 0;
			defaultConfigurationName = Release;
		};
		DDEC2D362D5BBDA2003719A0 /* Build configuration list for PBXNativeTarget "Dice Crash Game" */ = {
			isa = XCConfigurationList;
			buildConfigurations = (
				DDEC2D372D5BBDA2003719A0 /* Debug */,
				DDEC2D382D5BBDA2003719A0 /* Release */,
			);
			defaultConfigurationIsVisible = 0;
			defaultConfigurationName = Release;
		};
/* End XCConfigurationList section */
	};
	rootObject = DDEC2D1F2D5BBDA1003719A0 /* Project object */;
}
